
Microsoft Visual Studio Solution File, Format Version 12.00
Project("{FAE04EC0-301F-11D3-BF4B-00C04F79EFBC}") = "Consumer", "Consumer\Consumer.csproj", "{223B647F-D6A9-4417-A602-849A206F134B}"
EndProject
Global
	GlobalSection(SolutionConfigurationPlatforms) = preSolution
		Debug|Any CPU = Debug|Any CPU
		Release|Any CPU = Release|Any CPU
	EndGlobalSection
	GlobalSection(ProjectConfigurationPlatforms) = postSolution
		{223B647F-D6A9-4417-A602-849A206F134B}.Debug|Any CPU.ActiveCfg = Debug|Any CPU
		{223B647F-D6A9-4417-A602-849A206F134B}.Debug|Any CPU.Build.0 = Debug|Any CPU
		{223B647F-D6A9-4417-A602-849A206F134B}.Release|Any CPU.ActiveCfg = Release|Any CPU
		{223B647F-D6A9-4417-A602-849A206F134B}.Release|Any CPU.Build.0 = Release|Any CPU
	EndGlobalSection
EndGlobal
