
Microsoft Visual Studio Solution File, Format Version 12.00
Project("{FAE04EC0-301F-11D3-BF4B-00C04F79EFBC}") = "Shop", "Shop\Shop.csproj", "{CE5C32DE-A6C7-4B26-A98F-7D68CD01521B}"
EndProject
Project("{FAE04EC0-301F-11D3-BF4B-00C04F79EFBC}") = "Orchestrator", "Orchestrator\Orchestrator.csproj", "{B95B09BD-5A5D-4789-A98D-DB8639535F07}"
EndProject
Global
	GlobalSection(SolutionConfigurationPlatforms) = preSolution
		Debug|Any CPU = Debug|Any CPU
		Release|Any CPU = Release|Any CPU
	EndGlobalSection
	GlobalSection(ProjectConfigurationPlatforms) = postSolution
		{CE5C32DE-A6C7-4B26-A98F-7D68CD01521B}.Debug|Any CPU.ActiveCfg = Debug|Any CPU
		{CE5C32DE-A6C7-4B26-A98F-7D68CD01521B}.Debug|Any CPU.Build.0 = Debug|Any CPU
		{CE5C32DE-A6C7-4B26-A98F-7D68CD01521B}.Release|Any CPU.ActiveCfg = Release|Any CPU
		{CE5C32DE-A6C7-4B26-A98F-7D68CD01521B}.Release|Any CPU.Build.0 = Release|Any CPU
		{B95B09BD-5A5D-4789-A98D-DB8639535F07}.Debug|Any CPU.ActiveCfg = Debug|Any CPU
		{B95B09BD-5A5D-4789-A98D-DB8639535F07}.Debug|Any CPU.Build.0 = Debug|Any CPU
		{B95B09BD-5A5D-4789-A98D-DB8639535F07}.Release|Any CPU.ActiveCfg = Release|Any CPU
		{B95B09BD-5A5D-4789-A98D-DB8639535F07}.Release|Any CPU.Build.0 = Release|Any CPU
	EndGlobalSection
EndGlobal
